# @generated - this file is auto-generated by `mise lock` https://mise.jdx.dev/dev-tools/mise-lock.html

[[tools.python]]
version = "3.14.3"
backend = "core:python"

[tools.python."platforms.linux-arm64"]
checksum = "sha256:c4a5cc7681da3ed2066194f6fac24207a764db38f23fc5a2b1b56671ee3142d6"
url = "https://github.com/astral-sh/python-build-standalone/releases/download/20260320/cpython-3.14.3+20260320-aarch64-unknown-linux-gnu-install_only_stripped.tar.gz"

[tools.python."platforms.linux-arm64-musl"]
checksum = "sha256:c4a5cc7681da3ed2066194f6fac24207a764db38f23fc5a2b1b56671ee3142d6"
url = "https://github.com/astral-sh/python-build-standalone/releases/download/20260320/cpython-3.14.3+20260320-aarch64-unknown-linux-gnu-install_only_stripped.tar.gz"

[tools.python."platforms.linux-x64"]
checksum = "sha256:bc35984c271adb7b0d2f730eced89fbbb96246c4d716c415e4af7ed686627831"
url = "https://github.com/astral-sh/python-build-standalone/releases/download/20260320/cpython-3.14.3+20260320-x86_64-unknown-linux-gnu-install_only_stripped.tar.gz"

[tools.python."platforms.linux-x64-musl"]
checksum = "sha256:bc35984c271adb7b0d2f730eced89fbbb96246c4d716c415e4af7ed686627831"
url = "https://github.com/astral-sh/python-build-standalone/releases/download/20260320/cpython-3.14.3+20260320-x86_64-unknown-linux-gnu-install_only_stripped.tar.gz"

[tools.python."platforms.macos-arm64"]
checksum = "sha256:f9b4a94d2d62ca77e08873b861b8cd989eda922ad3c3eafd2dfad57375e6ae61"
url = "https://github.com/astral-sh/python-build-standalone/releases/download/20260320/cpython-3.14.3+20260320-aarch64-apple-darwin-install_only_stripped.tar.gz"

[tools.python."platforms.macos-x64"]
checksum = "sha256:cb8d27660e0575d33c6828c4f73c891a005d8cfade8941d889fd0efd0ff031dc"
url = "https://github.com/astral-sh/python-build-standalone/releases/download/20260320/cpython-3.14.3+20260320-x86_64-apple-darwin-install_only_stripped.tar.gz"

[tools.python."platforms.windows-x64"]
checksum = "sha256:2223000d2dcce0f50a8feddb8a8391ec6e5534f6f7169e10004a11ce9b438ed3"
url = "https://github.com/astral-sh/python-build-standalone/releases/download/20260320/cpython-3.14.3+20260320-x86_64-pc-windows-msvc-install_only_stripped.tar.gz"

[[tools.uv]]
version = "0.10.12"
backend = "asdf:uv"
